// !$*UTF8*$!
{
	archiveVersion = 1;
	classes = {
	};
	objectVersion = 77;
	objects = {

/* Begin PBXBuildFile section */
		B53D5E642FB80B7300980538 /* Assets.xcassets in Resources */ = {isa = PBXBuildFile; fileRef = B53D5E602FB80B7300980538 /* Assets.xcassets */; };
		B53D5E652FB80B7300980538 /* AuthService.swift in Sources */ = {isa = PBXBuildFile; fileRef = B53D5E4B2FB80B7300980538 /* AuthService.swift */; };
		B53D5E662FB80B7300980538 /* LoginView.swift in Sources */ = {isa = PBXBuildFile; fileRef = B53D5E4C2FB80B7300980538 /* LoginView.swift */; };
		B53D5E672FB80B7300980538 /* LoginViewModel.swift in Sources */ = {isa = PBXBuildFile; fileRef = B53D5E4D2FB80B7300980538 /* LoginViewModel.swift */; };
		B53D5E682FB80B7300980538 /* RegisterView.swift in Sources */ = {isa = PBXBuildFile; fileRef = B53D5E4E2FB80B7300980538 /* RegisterView.swift */; };
		B53D5E692FB80B7300980538 /* RegisterViewModel.swift in Sources */ = {isa = PBXBuildFile; fileRef = B53D5E4F2FB80B7300980538 /* RegisterViewModel.swift */; };
		B53D5E6A2FB80B7300980538 /* Theme.swift in Sources */ = {isa = PBXBuildFile; fileRef = B53D5E512FB80B7300980538 /* Theme.swift */; };
		B53D5E6B2FB80B7300980538 /* Radii.swift in Sources */ = {isa = PBXBuildFile; fileRef = B53D5E522FB80B7300980538 /* Radii.swift */; };
		B53D5E6C2FB80B7300980538 /* Spacing.swift in Sources */ = {isa = PBXBuildFile; fileRef = B53D5E532FB80B7300980538 /* Spacing.swift */; };
		B53D5E6D2FB80B7300980538 /* Typography.swift in Sources */ = {isa = PBXBuildFile; fileRef = B53D5E542FB80B7300980538 /* Typography.swift */; };
		B53D5E6E2FB80B7300980538 /* AppError.swift in Sources */ = {isa = PBXBuildFile; fileRef = B53D5E562FB80B7300980538 /* AppError.swift */; };
		B53D5E6F2FB80B7300980538 /* AuthResponse.swift in Sources */ = {isa = PBXBuildFile; fileRef = B53D5E572FB80B7300980538 /* AuthResponse.swift */; };
		B53D5E702FB80B7300980538 /* NetworkClient.swift in Sources */ = {isa = PBXBuildFile; fileRef = B53D5E592FB80B7300980538 /* NetworkClient.swift */; };
		B53D5E712FB80B7300980538 /* KeychainService.swift in Sources */ = {isa = PBXBuildFile; fileRef = B53D5E5B2FB80B7300980538 /* KeychainService.swift */; };
		B53D5E722FB80B7300980538 /* PlaceholderView.swift in Sources */ = {isa = PBXBuildFile; fileRef = B53D5E5D2FB80B7300980538 /* PlaceholderView.swift */; };
		B53D5E732FB80B7300980538 /* ContentView.swift in Sources */ = {isa = PBXBuildFile; fileRef = B53D5E612FB80B7300980538 /* ContentView.swift */; };
		B53D5E742FB80B7300980538 /* TipSlipApp.swift in Sources */ = {isa = PBXBuildFile; fileRef = B53D5E622FB80B7300980538 /* TipSlipApp.swift */; };
		B53D5E762FB8133C00980538 /* TipSlipLogo.swift in Sources */ = {isa = PBXBuildFile; fileRef = B53D5E752FB8133C00980538 /* TipSlipLogo.swift */; };
		B56B22282FB82FE700D288D7 /* TipEntry.swift in Sources */ = {isa = PBXBuildFile; fileRef = B56B22272FB82FE700D288D7 /* TipEntry.swift */; };
/* End PBXBuildFile section */

/* Begin PBXContainerItemProxy section */
		B5ED8BCE2FB40D8200474B0A /* PBXContainerItemProxy */ = {
			isa = PBXContainerItemProxy;
			containerPortal = B5ED8BB82FB40D8000474B0A /* Project object */;
			proxyType = 1;
			remoteGlobalIDString = B5ED8BBF2FB40D8000474B0A;
			remoteInfo = TipSlip;
		};
		B5ED8BD82FB40D8200474B0A /* PBXContainerItemProxy */ = {
			isa = PBXContainerItemProxy;
			containerPortal = B5ED8BB82FB40D8000474B0A /* Project object */;
			proxyType = 1;
			remoteGlobalIDString = B5ED8BBF2FB40D8000474B0A;
			remoteInfo = TipSlip;
		};
/* End PBXContainerItemProxy section */

/* Begin PBXFileReference section */
		B53D5E4B2FB80B7300980538 /* AuthService.swift */ = {isa = PBXFileReference; lastKnownFileType = sourcecode.swift; path = AuthService.swift; sourceTree = "<group>"; };
		B53D5E4C2FB80B7300980538 /* LoginView.swift */ = {isa = PBXFileReference; lastKnownFileType = sourcecode.swift; path = LoginView.swift; sourceTree = "<group>"; };
		B53D5E4D2FB80B7300980538 /* LoginViewModel.swift */ = {isa = PBXFileReference; lastKnownFileType = sourcecode.swift; path = LoginViewModel.swift; sourceTree = "<group>"; };
		B53D5E4E2FB80B7300980538 /* RegisterView.swift */ = {isa = PBXFileReference; lastKnownFileType = sourcecode.swift; path = RegisterView.swift; sourceTree = "<group>"; };
		B53D5E4F2FB80B7300980538 /* RegisterViewModel.swift */ = {isa = PBXFileReference; lastKnownFileType = sourcecode.swift; path = RegisterViewModel.swift; sourceTree = "<group>"; };
		B53D5E512FB80B7300980538 /* Theme.swift */ = {isa = PBXFileReference; lastKnownFileType = sourcecode.swift; path = Theme.swift; sourceTree = "<group>"; };
		B53D5E522FB80B7300980538 /* Radii.swift */ = {isa = PBXFileReference; lastKnownFileType = sourcecode.swift; path = Radii.swift; sourceTree = "<group>"; };
		B53D5E532FB80B7300980538 /* Spacing.swift */ = {isa = PBXFileReference; lastKnownFileType = sourcecode.swift; path = Spacing.swift; sourceTree = "<group>"; };
		B53D5E542FB80B7300980538 /* Typography.swift */ = {isa = PBXFileReference; lastKnownFileType = sourcecode.swift; path = Typography.swift; sourceTree = "<group>"; };
		B53D5E562FB80B7300980538 /* AppError.swift */ = {isa = PBXFileReference; lastKnownFileType = sourcecode.swift; path = AppError.swift; sourceTree = "<group>"; };
		B53D5E572FB80B7300980538 /* AuthResponse.swift */ = {isa = PBXFileReference; lastKnownFileType = sourcecode.swift; path = AuthResponse.swift; sourceTree = "<group>"; };
		B53D5E592FB80B7300980538 /* NetworkClient.swift */ = {isa = PBXFileReference; lastKnownFileType = sourcecode.swift; path = NetworkClient.swift; sourceTree = "<group>"; };
		B53D5E5B2FB80B7300980538 /* KeychainService.swift */ = {isa = PBXFileReference; lastKnownFileType = sourcecode.swift; path = KeychainService.swift; sourceTree = "<group>"; };
		B53D5E5D2FB80B7300980538 /* PlaceholderView.swift */ = {isa = PBXFileReference; lastKnownFileType = sourcecode.swift; path = PlaceholderView.swift; sourceTree = "<group>"; };
		B53D5E602FB80B7300980538 /* Assets.xcassets */ = {isa = PBXFileReference; lastKnownFileType = folder.assetcatalog; path = Assets.xcassets; sourceTree = "<group>"; };
		B53D5E612FB80B7300980538 /* ContentView.swift */ = {isa = PBXFileReference; lastKnownFileType = sourcecode.swift; path = ContentView.swift; sourceTree = "<group>"; };
		B53D5E622FB80B7300980538 /* TipSlipApp.swift */ = {isa = PBXFileReference; lastKnownFileType = sourcecode.swift; path = TipSlipApp.swift; sourceTree = "<group>"; };
		B53D5E752FB8133C00980538 /* TipSlipLogo.swift */ = {isa = PBXFileReference; lastKnownFileType = sourcecode.swift; path = TipSlipLogo.swift; sourceTree = "<group>"; };
		B56B22272FB82FE700D288D7 /* TipEntry.swift */ = {isa = PBXFileReference; lastKnownFileType = sourcecode.swift; path = TipEntry.swift; sourceTree = "<group>"; };
		B5ED8BC02FB40D8000474B0A /* TipSlip.app */ = {isa = PBXFileReference; explicitFileType = wrapper.application; includeInIndex = 0; path = TipSlip.app; sourceTree = BUILT_PRODUCTS_DIR; };
		B5ED8BCD2FB40D8200474B0A /* TipSlipTests.xctest */ = {isa = PBXFileReference; explicitFileType = wrapper.cfbundle; includeInIndex = 0; path = TipSlipTests.xctest; sourceTree = BUILT_PRODUCTS_DIR; };
		B5ED8BD72FB40D8200474B0A /* TipSlipUITests.xctest */ = {isa = PBXFileReference; explicitFileType = wrapper.cfbundle; includeInIndex = 0; path = TipSlipUITests.xctest; sourceTree = BUILT_PRODUCTS_DIR; };
/* End PBXFileReference section */

/* Begin PBXFileSystemSynchronizedRootGroup section */
		B56B22292FB8300600D288D7 /* Tip */ = {
			isa = PBXFileSystemSynchronizedRootGroup;
			path = Tip;
			sourceTree = "<group>";
		};
		B5ED8BD02FB40D8200474B0A /* TipSlipTests */ = {
			isa = PBXFileSystemSynchronizedRootGroup;
			path = TipSlipTests;
			sourceTree = "<group>";
		};
		B5ED8BDA2FB40D8200474B0A /* TipSlipUITests */ = {
			isa = PBXFileSystemSynchronizedRootGroup;
			path = TipSlipUITests;
			sourceTree = "<group>";
		};
/* End PBXFileSystemSynchronizedRootGroup section */

/* Begin PBXFrameworksBuildPhase section */
		B5ED8BBD2FB40D8000474B0A /* Frameworks */ = {
			isa = PBXFrameworksBuildPhase;
			buildActionMask = 2147483647;
			files = (
			);
			runOnlyForDeploymentPostprocessing = 0;
		};
		B5ED8BCA2FB40D8200474B0A /* Frameworks */ = {
			isa = PBXFrameworksBuildPhase;
			buildActionMask = 2147483647;
			files = (
			);
			runOnlyForDeploymentPostprocessing = 0;
		};
		B5ED8BD42FB40D8200474B0A /* Frameworks */ = {
			isa = PBXFrameworksBuildPhase;
			buildActionMask = 2147483647;
			files = (
			);
			runOnlyForDeploymentPostprocessing = 0;
		};
/* End PBXFrameworksBuildPhase section */

/* Begin PBXGroup section */
		B53D5E502FB80B7300980538 /* Auth */ = {
			isa = PBXGroup;
			children = (
				B53D5E4B2FB80B7300980538 /* AuthService.swift */,
				B53D5E4C2FB80B7300980538 /* LoginView.swift */,
				B53D5E4D2FB80B7300980538 /* LoginViewModel.swift */,
				B53D5E4E2FB80B7300980538 /* RegisterView.swift */,
				B53D5E4F2FB80B7300980538 /* RegisterViewModel.swift */,
			);
			path = Auth;
			sourceTree = "<group>";
		};
		B53D5E552FB80B7300980538 /* DesignSystem */ = {
			isa = PBXGroup;
			children = (
				B53D5E522FB80B7300980538 /* Radii.swift */,
				B53D5E532FB80B7300980538 /* Spacing.swift */,
				B53D5E542FB80B7300980538 /* Typography.swift */,
			);
			path = DesignSystem;
			sourceTree = "<group>";
		};
		B53D5E582FB80B7300980538 /* Models */ = {
			isa = PBXGroup;
			children = (
				B53D5E562FB80B7300980538 /* AppError.swift */,
				B53D5E572FB80B7300980538 /* AuthResponse.swift */,
				B56B22272FB82FE700D288D7 /* TipEntry.swift */,
			);
			path = Models;
			sourceTree = "<group>";
		};
		B53D5E5A2FB80B7300980538 /* Networking */ = {
			isa = PBXGroup;
			children = (
				B53D5E592FB80B7300980538 /* NetworkClient.swift */,
			);
			path = Networking;
			sourceTree = "<group>";
		};
		B53D5E5C2FB80B7300980538 /* Services */ = {
			isa = PBXGroup;
			children = (
				B53D5E5B2FB80B7300980538 /* KeychainService.swift */,
			);
			path = Services;
			sourceTree = "<group>";
		};
		B53D5E5E2FB80B7300980538 /* Shared */ = {
			isa = PBXGroup;
			children = (
				B53D5E5D2FB80B7300980538 /* PlaceholderView.swift */,
				B53D5E752FB8133C00980538 /* TipSlipLogo.swift */,
			);
			path = Shared;
			sourceTree = "<group>";
		};
		B53D5E5F2FB80B7300980538 /* Views */ = {
			isa = PBXGroup;
			children = (
			);
			path = Views;
			sourceTree = "<group>";
		};
		B53D5E632FB80B7300980538 /* TipSlip */ = {
			isa = PBXGroup;
			children = (
				B56B22292FB8300600D288D7 /* Tip */,
				B53D5E502FB80B7300980538 /* Auth */,
				B53D5E552FB80B7300980538 /* DesignSystem */,
				B53D5E582FB80B7300980538 /* Models */,
				B53D5E5A2FB80B7300980538 /* Networking */,
				B53D5E5C2FB80B7300980538 /* Services */,
				B53D5E5E2FB80B7300980538 /* Shared */,
				B53D5E5F2FB80B7300980538 /* Views */,
				B53D5E602FB80B7300980538 /* Assets.xcassets */,
				B53D5E512FB80B7300980538 /* Theme.swift */,
				B53D5E612FB80B7300980538 /* ContentView.swift */,
				B53D5E622FB80B7300980538 /* TipSlipApp.swift */,
			);
			path = TipSlip;
			sourceTree = "<group>";
		};
		B5ED8BB72FB40D8000474B0A = {
			isa = PBXGroup;
			children = (
				B53D5E632FB80B7300980538 /* TipSlip */,
				B5ED8BD02FB40D8200474B0A /* TipSlipTests */,
				B5ED8BDA2FB40D8200474B0A /* TipSlipUITests */,
				B5ED8BC12FB40D8000474B0A /* Products */,
			);
			sourceTree = "<group>";
		};
		B5ED8BC12FB40D8000474B0A /* Products */ = {
			isa = PBXGroup;
			children = (
				B5ED8BC02FB40D8000474B0A /* TipSlip.app */,
				B5ED8BCD2FB40D8200474B0A /* TipSlipTests.xctest */,
				B5ED8BD72FB40D8200474B0A /* TipSlipUITests.xctest */,
			);
			name = Products;
			sourceTree = "<group>";
		};
/* End PBXGroup section */

/* Begin PBXNativeTarget section */
		B5ED8BBF2FB40D8000474B0A /* TipSlip */ = {
			isa = PBXNativeTarget;
			buildConfigurationList = B5ED8BE12FB40D8200474B0A /* Build configuration list for PBXNativeTarget "TipSlip" */;
			buildPhases = (
				B5ED8BBC2FB40D8000474B0A /* Sources */,
				B5ED8BBD2FB40D8000474B0A /* Frameworks */,
				B5ED8BBE2FB40D8000474B0A /* Resources */,
			);
			buildRules = (
			);
			dependencies = (
			);
			fileSystemSynchronizedGroups = (
				B56B22292FB8300600D288D7 /* Tip */,
			);
			name = TipSlip;
			packageProductDependencies = (
			);
			productName = TipSlip;
			productReference = B5ED8BC02FB40D8000474B0A /* TipSlip.app */;
			productType = "com.apple.product-type.application";
		};
		B5ED8BCC2FB40D8200474B0A /* TipSlipTests */ = {
			isa = PBXNativeTarget;
			buildConfigurationList = B5ED8BE42FB40D8200474B0A /* Build configuration list for PBXNativeTarget "TipSlipTests" */;
			buildPhases = (
				B5ED8BC92FB40D8200474B0A /* Sources */,
				B5ED8BCA2FB40D8200474B0A /* Frameworks */,
				B5ED8BCB2FB40D8200474B0A /* Resources */,
			);
			buildRules = (
			);
			dependencies = (
				B5ED8BCF2FB40D8200474B0A /* PBXTargetDependency */,
			);
			fileSystemSynchronizedGroups = (
				B5ED8BD02FB40D8200474B0A /* TipSlipTests */,
			);
			name = TipSlipTests;
			packageProductDependencies = (
			);
			productName = TipSlipTests;
			productReference = B5ED8BCD2FB40D8200474B0A /* TipSlipTests.xctest */;
			productType = "com.apple.product-type.bundle.unit-test";
		};
		B5ED8BD62FB40D8200474B0A /* TipSlipUITests */ = {
			isa = PBXNativeTarget;
			buildConfigurationList = B5ED8BE72FB40D8200474B0A /* Build configuration list for PBXNativeTarget "TipSlipUITests" */;
			buildPhases = (
				B5ED8BD32FB40D8200474B0A /* Sources */,
				B5ED8BD42FB40D8200474B0A /* Frameworks */,
				B5ED8BD52FB40D8200474B0A /* Resources */,
			);
			buildRules = (
			);
			dependencies = (
				B5ED8BD92FB40D8200474B0A /* PBXTargetDependency */,
			);
			fileSystemSynchronizedGroups = (
				B5ED8BDA2FB40D8200474B0A /* TipSlipUITests */,
			);
			name = TipSlipUITests;
			packageProductDependencies = (
			);
			productName = TipSlipUITests;
			productReference = B5ED8BD72FB40D8200474B0A /* TipSlipUITests.xctest */;
			productType = "com.apple.product-type.bundle.ui-testing";
		};
/* End PBXNativeTarget section */

/* Begin PBXProject section */
		B5ED8BB82FB40D8000474B0A /* Project object */ = {
			isa = PBXProject;
			attributes = {
				BuildIndependentTargetsInParallel = 1;
				LastSwiftUpdateCheck = 2650;
				LastUpgradeCheck = 2650;
				TargetAttributes = {
					B5ED8BBF2FB40D8000474B0A = {
						CreatedOnToolsVersion = 26.5;
					};
					B5ED8BCC2FB40D8200474B0A = {
						CreatedOnToolsVersion = 26.5;
						TestTargetID = B5ED8BBF2FB40D8000474B0A;
					};
					B5ED8BD62FB40D8200474B0A = {
						CreatedOnToolsVersion = 26.5;
						TestTargetID = B5ED8BBF2FB40D8000474B0A;
					};
				};
			};
			buildConfigurationList = B5ED8BBB2FB40D8000474B0A /* Build configuration list for PBXProject "TipSlip" */;
			developmentRegion = en;
			hasScannedForEncodings = 0;
			knownRegions = (
				en,
				Base,
			);
			mainGroup = B5ED8BB72FB40D8000474B0A;
			minimizedProjectReferenceProxies = 1;
			preferredProjectObjectVersion = 77;
			productRefGroup = B5ED8BC12FB40D8000474B0A /* Products */;
			projectDirPath = "";
			projectRoot = "";
			targets = (
				B5ED8BBF2FB40D8000474B0A /* TipSlip */,
				B5ED8BCC2FB40D8200474B0A /* TipSlipTests */,
				B5ED8BD62FB40D8200474B0A /* TipSlipUITests */,
			);
		};
/* End PBXProject section */

/* Begin PBXResourcesBuildPhase section */
		B5ED8BBE2FB40D8000474B0A /* Resources */ = {
			isa = PBXResourcesBuildPhase;
			buildActionMask = 2147483647;
			files = (
				B53D5E642FB80B7300980538 /* Assets.xcassets in Resources */,
			);
			runOnlyForDeploymentPostprocessing = 0;
		};
		B5ED8BCB2FB40D8200474B0A /* Resources */ = {
			isa = PBXResourcesBuildPhase;
			buildActionMask = 2147483647;
			files = (
			);
			runOnlyForDeploymentPostprocessing = 0;
		};
		B5ED8BD52FB40D8200474B0A /* Resources */ = {
			isa = PBXResourcesBuildPhase;
			buildActionMask = 2147483647;
			files = (
			);
			runOnlyForDeploymentPostprocessing = 0;
		};
/* End PBXResourcesBuildPhase section */

/* Begin PBXSourcesBuildPhase section */
		B5ED8BBC2FB40D8000474B0A /* Sources */ = {
			isa = PBXSourcesBuildPhase;
			buildActionMask = 2147483647;
			files = (
				B53D5E652FB80B7300980538 /* AuthService.swift in Sources */,
				B53D5E662FB80B7300980538 /* LoginView.swift in Sources */,
				B53D5E762FB8133C00980538 /* TipSlipLogo.swift in Sources */,
				B53D5E672FB80B7300980538 /* LoginViewModel.swift in Sources */,
				B53D5E682FB80B7300980538 /* RegisterView.swift in Sources */,
				B53D5E692FB80B7300980538 /* RegisterViewModel.swift in Sources */,
				B53D5E6A2FB80B7300980538 /* Theme.swift in Sources */,
				B53D5E6B2FB80B7300980538 /* Radii.swift in Sources */,
				B53D5E6C2FB80B7300980538 /* Spacing.swift in Sources */,
				B53D5E6D2FB80B7300980538 /* Typography.swift in Sources */,
				B56B22282FB82FE700D288D7 /* TipEntry.swift in Sources */,
				B53D5E6E2FB80B7300980538 /* AppError.swift in Sources */,
				B53D5E6F2FB80B7300980538 /* AuthResponse.swift in Sources */,
				B53D5E702FB80B7300980538 /* NetworkClient.swift in Sources */,
				B53D5E712FB80B7300980538 /* KeychainService.swift in Sources */,
				B53D5E722FB80B7300980538 /* PlaceholderView.swift in Sources */,
				B53D5E732FB80B7300980538 /* ContentView.swift in Sources */,
				B53D5E742FB80B7300980538 /* TipSlipApp.swift in Sources */,
			);
			runOnlyForDeploymentPostprocessing = 0;
		};
		B5ED8BC92FB40D8200474B0A /* Sources */ = {
			isa = PBXSourcesBuildPhase;
			buildActionMask = 2147483647;
			files = (
			);
			runOnlyForDeploymentPostprocessing = 0;
		};
		B5ED8BD32FB40D8200474B0A /* Sources */ = {
			isa = PBXSourcesBuildPhase;
			buildActionMask = 2147483647;
			files = (
			);
			runOnlyForDeploymentPostprocessing = 0;
		};
/* End PBXSourcesBuildPhase section */

/* Begin PBXTargetDependency section */
		B5ED8BCF2FB40D8200474B0A /* PBXTargetDependency */ = {
			isa = PBXTargetDependency;
			target = B5ED8BBF2FB40D8000474B0A /* TipSlip */;
			targetProxy = B5ED8BCE2FB40D8200474B0A /* PBXContainerItemProxy */;
		};
		B5ED8BD92FB40D8200474B0A /* PBXTargetDependency */ = {
			isa = PBXTargetDependency;
			target = B5ED8BBF2FB40D8000474B0A /* TipSlip */;
			targetProxy = B5ED8BD82FB40D8200474B0A /* PBXContainerItemProxy */;
		};
/* End PBXTargetDependency section */

/* Begin XCBuildConfiguration section */
		B5ED8BDF2FB40D8200474B0A /* Debug */ = {
			isa = XCBuildConfiguration;
			buildSettings = {
				ALWAYS_SEARCH_USER_PATHS = NO;
				ASSETCATALOG_COMPILER_GENERATE_SWIFT_ASSET_SYMBOL_EXTENSIONS = YES;
				CLANG_ANALYZER_NONNULL = YES;
				CLANG_ANALYZER_NUMBER_OBJECT_CONVERSION = YES_AGGRESSIVE;
				CLANG_CXX_LANGUAGE_STANDARD = "gnu++20";
				CLANG_ENABLE_MODULES = YES;
				CLANG_ENABLE_OBJC_ARC = YES;
				CLANG_ENABLE_OBJC_WEAK = YES;
				CLANG_WARN_BLOCK_CAPTURE_AUTORELEASING = YES;
				CLANG_WARN_BOOL_CONVERSION = YES;
				CLANG_WARN_COMMA = YES;
				CLANG_WARN_CONSTANT_CONVERSION = YES;
				CLANG_WARN_DEPRECATED_OBJC_IMPLEMENTATIONS = YES;
				CLANG_WARN_DIRECT_OBJC_ISA_USAGE = YES_ERROR;
				CLANG_WARN_DOCUMENTATION_COMMENTS = YES;
				CLANG_WARN_EMPTY_BODY = YES;
				CLANG_WARN_ENUM_CONVERSION = YES;
				CLANG_WARN_INFINITE_RECURSION = YES;
				CLANG_WARN_INT_CONVERSION = YES;
				CLANG_WARN_NON_LITERAL_NULL_CONVERSION = YES;
				CLANG_WARN_OBJC_IMPLICIT_RETAIN_SELF = YES;
				CLANG_WARN_OBJC_LITERAL_CONVERSION = YES;
				CLANG_WARN_OBJC_ROOT_CLASS = YES_ERROR;
				CLANG_WARN_QUOTED_INCLUDE_IN_FRAMEWORK_HEADER = YES;
				CLANG_WARN_RANGE_LOOP_ANALYSIS = YES;
				CLANG_WARN_STRICT_PROTOTYPES = YES;
				CLANG_WARN_SUSPICIOUS_MOVE = YES;
				CLANG_WARN_UNGUARDED_AVAILABILITY = YES_AGGRESSIVE;
				CLANG_WARN_UNREACHABLE_CODE = YES;
				CLANG_WARN__DUPLICATE_METHOD_MATCH = YES;
				COPY_PHASE_STRIP = NO;
				DEBUG_INFORMATION_FORMAT = dwarf;
				DEVELOPMENT_TEAM = 4SV5XUTSQL;
				ENABLE_STRICT_OBJC_MSGSEND = YES;
				ENABLE_TESTABILITY = YES;
				ENABLE_USER_SCRIPT_SANDBOXING = YES;
				GCC_C_LANGUAGE_STANDARD = gnu17;
				GCC_DYNAMIC_NO_PIC = NO;
				GCC_NO_COMMON_BLOCKS = YES;
				GCC_OPTIMIZATION_LEVEL = 0;
				GCC_PREPROCESSOR_DEFINITIONS = (
					"DEBUG=1",
					"$(inherited)",
				);
				GCC_WARN_64_TO_32_BIT_CONVERSION = YES;
				GCC_WARN_ABOUT_RETURN_TYPE = YES_ERROR;
				GCC_WARN_UNDECLARED_SELECTOR = YES;
				GCC_WARN_UNINITIALIZED_AUTOS = YES_AGGRESSIVE;
				GCC_WARN_UNUSED_FUNCTION = YES;
				GCC_WARN_UNUSED_VARIABLE = YES;
				LOCALIZATION_PREFERS_STRING_CATALOGS = YES;
				MTL_ENABLE_DEBUG_INFO = INCLUDE_SOURCE;
				MTL_FAST_MATH = YES;
				ONLY_ACTIVE_ARCH = YES;
				SWIFT_ACTIVE_COMPILATION_CONDITIONS = "DEBUG $(inherited)";
				SWIFT_OPTIMIZATION_LEVEL = "-Onone";
			};
			name = Debug;
		};
		B5ED8BE02FB40D8200474B0A /* Release */ = {
			isa = XCBuildConfiguration;
			buildSettings = {
				ALWAYS_SEARCH_USER_PATHS = NO;
				ASSETCATALOG_COMPILER_GENERATE_SWIFT_ASSET_SYMBOL_EXTENSIONS = YES;
				CLANG_ANALYZER_NONNULL = YES;
				CLANG_ANALYZER_NUMBER_OBJECT_CONVERSION = YES_AGGRESSIVE;
				CLANG_CXX_LANGUAGE_STANDARD = "gnu++20";
				CLANG_ENABLE_MODULES = YES;
				CLANG_ENABLE_OBJC_ARC = YES;
				CLANG_ENABLE_OBJC_WEAK = YES;
				CLANG_WARN_BLOCK_CAPTURE_AUTORELEASING = YES;
				CLANG_WARN_BOOL_CONVERSION = YES;
				CLANG_WARN_COMMA = YES;
				CLANG_WARN_CONSTANT_CONVERSION = YES;
				CLANG_WARN_DEPRECATED_OBJC_IMPLEMENTATIONS = YES;
				CLANG_WARN_DIRECT_OBJC_ISA_USAGE = YES_ERROR;
				CLANG_WARN_DOCUMENTATION_COMMENTS = YES;
				CLANG_WARN_EMPTY_BODY = YES;
				CLANG_WARN_ENUM_CONVERSION = YES;
				CLANG_WARN_INFINITE_RECURSION = YES;
				CLANG_WARN_INT_CONVERSION = YES;
				CLANG_WARN_NON_LITERAL_NULL_CONVERSION = YES;
				CLANG_WARN_OBJC_IMPLICIT_RETAIN_SELF = YES;
				CLANG_WARN_OBJC_LITERAL_CONVERSION = YES;
				CLANG_WARN_OBJC_ROOT_CLASS = YES_ERROR;
				CLANG_WARN_QUOTED_INCLUDE_IN_FRAMEWORK_HEADER = YES;
				CLANG_WARN_RANGE_LOOP_ANALYSIS = YES;
				CLANG_WARN_STRICT_PROTOTYPES = YES;
				CLANG_WARN_SUSPICIOUS_MOVE = YES;
				CLANG_WARN_UNGUARDED_AVAILABILITY = YES_AGGRESSIVE;
				CLANG_WARN_UNREACHABLE_CODE = YES;
				CLANG_WARN__DUPLICATE_METHOD_MATCH = YES;
				COPY_PHASE_STRIP = NO;
				DEBUG_INFORMATION_FORMAT = "dwarf-with-dsym";
				DEVELOPMENT_TEAM = 4SV5XUTSQL;
				ENABLE_NS_ASSERTIONS = NO;
				ENABLE_STRICT_OBJC_MSGSEND = YES;
				ENABLE_USER_SCRIPT_SANDBOXING = YES;
				GCC_C_LANGUAGE_STANDARD = gnu17;
				GCC_NO_COMMON_BLOCKS = YES;
				GCC_WARN_64_TO_32_BIT_CONVERSION = YES;
				GCC_WARN_ABOUT_RETURN_TYPE = YES_ERROR;
				GCC_WARN_UNDECLARED_SELECTOR = YES;
				GCC_WARN_UNINITIALIZED_AUTOS = YES_AGGRESSIVE;
				GCC_WARN_UNUSED_FUNCTION = YES;
				GCC_WARN_UNUSED_VARIABLE = YES;
				LOCALIZATION_PREFERS_STRING_CATALOGS = YES;
				MTL_ENABLE_DEBUG_INFO = NO;
				MTL_FAST_MATH = YES;
				SWIFT_COMPILATION_MODE = wholemodule;
			};
			name = Release;
		};
		B5ED8BE22FB40D8200474B0A /* Debug */ = {
			isa = XCBuildConfiguration;
			buildSettings = {
				ASSETCATALOG_COMPILER_APPICON_NAME = AppIcon;
				ASSETCATALOG_COMPILER_GLOBAL_ACCENT_COLOR_NAME = AccentColor;
				CODE_SIGN_STYLE = Automatic;
				CURRENT_PROJECT_VERSION = 1;
				DEVELOPMENT_TEAM = 4SV5XUTSQL;
				ENABLE_APP_SANDBOX = YES;
				ENABLE_HARDENED_RUNTIME = YES;
				ENABLE_PREVIEWS = YES;
				ENABLE_USER_SELECTED_FILES = readonly;
				GENERATE_INFOPLIST_FILE = YES;
				"INFOPLIST_KEY_UIApplicationSceneManifest_Generation[sdk=iphoneos*]" = YES;
				"INFOPLIST_KEY_UIApplicationSceneManifest_Generation[sdk=iphonesimulator*]" = YES;
				"INFOPLIST_KEY_UIApplicationSupportsIndirectInputEvents[sdk=iphoneos*]" = YES;
				"INFOPLIST_KEY_UIApplicationSupportsIndirectInputEvents[sdk=iphonesimulator*]" = YES;
				"INFOPLIST_KEY_UILaunchScreen_Generation[sdk=iphoneos*]" = YES;
				"INFOPLIST_KEY_UILaunchScreen_Generation[sdk=iphonesimulator*]" = YES;
				"INFOPLIST_KEY_UIStatusBarStyle[sdk=iphoneos*]" = UIStatusBarStyleDefault;
				"INFOPLIST_KEY_UIStatusBarStyle[sdk=iphonesimulator*]" = UIStatusBarStyleDefault;
				INFOPLIST_KEY_UISupportedInterfaceOrientations_iPad = "UIInterfaceOrientationPortrait UIInterfaceOrientationPortraitUpsideDown UIInterfaceOrientationLandscapeLeft UIInterfaceOrientationLandscapeRight";
				INFOPLIST_KEY_UISupportedInterfaceOrientations_iPhone = "UIInterfaceOrientationPortrait UIInterfaceOrientationLandscapeLeft UIInterfaceOrientationLandscapeRight";
				IPHONEOS_DEPLOYMENT_TARGET = 26.5;
				LD_RUNPATH_SEARCH_PATHS = "@executable_path/Frameworks";
				"LD_RUNPATH_SEARCH_PATHS[sdk=macosx*]" = "@executable_path/../Frameworks";
				MACOSX_DEPLOYMENT_TARGET = 26.4;
				MARKETING_VERSION = 1.0;
				PRODUCT_BUNDLE_IDENTIFIER = app.tipslip.TipSlip;
				PRODUCT_NAME = "$(TARGET_NAME)";
				REGISTER_APP_GROUPS = YES;
				SDKROOT = auto;
				STRING_CATALOG_GENERATE_SYMBOLS = YES;
				SUPPORTED_PLATFORMS = "iphoneos iphonesimulator macosx xros xrsimulator";
				SWIFT_APPROACHABLE_CONCURRENCY = YES;
				SWIFT_DEFAULT_ACTOR_ISOLATION = MainActor;
				SWIFT_EMIT_LOC_STRINGS = YES;
				SWIFT_UPCOMING_FEATURE_MEMBER_IMPORT_VISIBILITY = YES;
				SWIFT_VERSION = 5.0;
				TARGETED_DEVICE_FAMILY = "1,2,7";
				XROS_DEPLOYMENT_TARGET = 26.5;
			};
			name = Debug;
		};
		B5ED8BE32FB40D8200474B0A /* Release */ = {
			isa = XCBuildConfiguration;
			buildSettings = {
				ASSETCATALOG_COMPILER_APPICON_NAME = AppIcon;
				ASSETCATALOG_COMPILER_GLOBAL_ACCENT_COLOR_NAME = AccentColor;
				CODE_SIGN_STYLE = Automatic;
				CURRENT_PROJECT_VERSION = 1;
				DEVELOPMENT_TEAM = 4SV5XUTSQL;
				ENABLE_APP_SANDBOX = YES;
				ENABLE_HARDENED_RUNTIME = YES;
				ENABLE_PREVIEWS = YES;
				ENABLE_USER_SELECTED_FILES = readonly;
				GENERATE_INFOPLIST_FILE = YES;
				"INFOPLIST_KEY_UIApplicationSceneManifest_Generation[sdk=iphoneos*]" = YES;
				"INFOPLIST_KEY_UIApplicationSceneManifest_Generation[sdk=iphonesimulator*]" = YES;
				"INFOPLIST_KEY_UIApplicationSupportsIndirectInputEvents[sdk=iphoneos*]" = YES;
				"INFOPLIST_KEY_UIApplicationSupportsIndirectInputEvents[sdk=iphonesimulator*]" = YES;
				"INFOPLIST_KEY_UILaunchScreen_Generation[sdk=iphoneos*]" = YES;
				"INFOPLIST_KEY_UILaunchScreen_Generation[sdk=iphonesimulator*]" = YES;
				"INFOPLIST_KEY_UIStatusBarStyle[sdk=iphoneos*]" = UIStatusBarStyleDefault;
				"INFOPLIST_KEY_UIStatusBarStyle[sdk=iphonesimulator*]" = UIStatusBarStyleDefault;
				INFOPLIST_KEY_UISupportedInterfaceOrientations_iPad = "UIInterfaceOrientationPortrait UIInterfaceOrientationPortraitUpsideDown UIInterfaceOrientationLandscapeLeft UIInterfaceOrientationLandscapeRight";
				INFOPLIST_KEY_UISupportedInterfaceOrientations_iPhone = "UIInterfaceOrientationPortrait UIInterfaceOrientationLandscapeLeft UIInterfaceOrientationLandscapeRight";
				IPHONEOS_DEPLOYMENT_TARGET = 26.5;
				LD_RUNPATH_SEARCH_PATHS = "@executable_path/Frameworks";
				"LD_RUNPATH_SEARCH_PATHS[sdk=macosx*]" = "@executable_path/../Frameworks";
				MACOSX_DEPLOYMENT_TARGET = 26.4;
				MARKETING_VERSION = 1.0;
				PRODUCT_BUNDLE_IDENTIFIER = app.tipslip.TipSlip;
				PRODUCT_NAME = "$(TARGET_NAME)";
				REGISTER_APP_GROUPS = YES;
				SDKROOT = auto;
				STRING_CATALOG_GENERATE_SYMBOLS = YES;
				SUPPORTED_PLATFORMS = "iphoneos iphonesimulator macosx xros xrsimulator";
				SWIFT_APPROACHABLE_CONCURRENCY = YES;
				SWIFT_DEFAULT_ACTOR_ISOLATION = MainActor;
				SWIFT_EMIT_LOC_STRINGS = YES;
				SWIFT_UPCOMING_FEATURE_MEMBER_IMPORT_VISIBILITY = YES;
				SWIFT_VERSION = 5.0;
				TARGETED_DEVICE_FAMILY = "1,2,7";
				XROS_DEPLOYMENT_TARGET = 26.5;
			};
			name = Release;
		};
		B5ED8BE52FB40D8200474B0A /* Debug */ = {
			isa = XCBuildConfiguration;
			buildSettings = {
				BUNDLE_LOADER = "$(TEST_HOST)";
				CODE_SIGN_STYLE = Automatic;
				CURRENT_PROJECT_VERSION = 1;
				DEVELOPMENT_TEAM = 4SV5XUTSQL;
				GENERATE_INFOPLIST_FILE = YES;
				IPHONEOS_DEPLOYMENT_TARGET = 26.5;
				MACOSX_DEPLOYMENT_TARGET = 26.4;
				MARKETING_VERSION = 1.0;
				PRODUCT_BUNDLE_IDENTIFIER = app.tipslip.TipSlipTests;
				PRODUCT_NAME = "$(TARGET_NAME)";
				SDKROOT = auto;
				STRING_CATALOG_GENERATE_SYMBOLS = NO;
				SUPPORTED_PLATFORMS = "iphoneos iphonesimulator macosx xros xrsimulator";
				SWIFT_APPROACHABLE_CONCURRENCY = YES;
				SWIFT_EMIT_LOC_STRINGS = NO;
				SWIFT_UPCOMING_FEATURE_MEMBER_IMPORT_VISIBILITY = YES;
				SWIFT_VERSION = 5.0;
				TARGETED_DEVICE_FAMILY = "1,2,7";
				TEST_HOST = "$(BUILT_PRODUCTS_DIR)/TipSlip.app/$(BUNDLE_EXECUTABLE_FOLDER_PATH)/TipSlip";
				XROS_DEPLOYMENT_TARGET = 26.5;
			};
			name = Debug;
		};
		B5ED8BE62FB40D8200474B0A /* Release */ = {
			isa = XCBuildConfiguration;
			buildSettings = {
				BUNDLE_LOADER = "$(TEST_HOST)";
				CODE_SIGN_STYLE = Automatic;
				CURRENT_PROJECT_VERSION = 1;
				DEVELOPMENT_TEAM = 4SV5XUTSQL;
				GENERATE_INFOPLIST_FILE = YES;
				IPHONEOS_DEPLOYMENT_TARGET = 26.5;
				MACOSX_DEPLOYMENT_TARGET = 26.4;
				MARKETING_VERSION = 1.0;
				PRODUCT_BUNDLE_IDENTIFIER = app.tipslip.TipSlipTests;
				PRODUCT_NAME = "$(TARGET_NAME)";
				SDKROOT = auto;
				STRING_CATALOG_GENERATE_SYMBOLS = NO;
				SUPPORTED_PLATFORMS = "iphoneos iphonesimulator macosx xros xrsimulator";
				SWIFT_APPROACHABLE_CONCURRENCY = YES;
				SWIFT_EMIT_LOC_STRINGS = NO;
				SWIFT_UPCOMING_FEATURE_MEMBER_IMPORT_VISIBILITY = YES;
				SWIFT_VERSION = 5.0;
				TARGETED_DEVICE_FAMILY = "1,2,7";
				TEST_HOST = "$(BUILT_PRODUCTS_DIR)/TipSlip.app/$(BUNDLE_EXECUTABLE_FOLDER_PATH)/TipSlip";
				XROS_DEPLOYMENT_TARGET = 26.5;
			};
			name = Release;
		};
		B5ED8BE82FB40D8200474B0A /* Debug */ = {
			isa = XCBuildConfiguration;
			buildSettings = {
				CODE_SIGN_STYLE = Automatic;
				CURRENT_PROJECT_VERSION = 1;
				DEVELOPMENT_TEAM = 4SV5XUTSQL;
				GENERATE_INFOPLIST_FILE = YES;
				IPHONEOS_DEPLOYMENT_TARGET = 26.5;
				MACOSX_DEPLOYMENT_TARGET = 26.4;
				MARKETING_VERSION = 1.0;
				PRODUCT_BUNDLE_IDENTIFIER = app.tipslip.TipSlipUITests;
				PRODUCT_NAME = "$(TARGET_NAME)";
				SDKROOT = auto;
				STRING_CATALOG_GENERATE_SYMBOLS = NO;
				SUPPORTED_PLATFORMS = "iphoneos iphonesimulator macosx xros xrsimulator";
				SWIFT_APPROACHABLE_CONCURRENCY = YES;
				SWIFT_EMIT_LOC_STRINGS = NO;
				SWIFT_UPCOMING_FEATURE_MEMBER_IMPORT_VISIBILITY = YES;
				SWIFT_VERSION = 5.0;
				TARGETED_DEVICE_FAMILY = "1,2,7";
				TEST_TARGET_NAME = TipSlip;
				XROS_DEPLOYMENT_TARGET = 26.5;
			};
			name = Debug;
		};
		B5ED8BE92FB40D8200474B0A /* Release */ = {
			isa = XCBuildConfiguration;
			buildSettings = {
				CODE_SIGN_STYLE = Automatic;
				CURRENT_PROJECT_VERSION = 1;
				DEVELOPMENT_TEAM = 4SV5XUTSQL;
				GENERATE_INFOPLIST_FILE = YES;
				IPHONEOS_DEPLOYMENT_TARGET = 26.5;
				MACOSX_DEPLOYMENT_TARGET = 26.4;
				MARKETING_VERSION = 1.0;
				PRODUCT_BUNDLE_IDENTIFIER = app.tipslip.TipSlipUITests;
				PRODUCT_NAME = "$(TARGET_NAME)";
				SDKROOT = auto;
				STRING_CATALOG_GENERATE_SYMBOLS = NO;
				SUPPORTED_PLATFORMS = "iphoneos iphonesimulator macosx xros xrsimulator";
				SWIFT_APPROACHABLE_CONCURRENCY = YES;
				SWIFT_EMIT_LOC_STRINGS = NO;
				SWIFT_UPCOMING_FEATURE_MEMBER_IMPORT_VISIBILITY = YES;
				SWIFT_VERSION = 5.0;
				TARGETED_DEVICE_FAMILY = "1,2,7";
				TEST_TARGET_NAME = TipSlip;
				XROS_DEPLOYMENT_TARGET = 26.5;
			};
			name = Release;
		};
/* End XCBuildConfiguration section */

/* Begin XCConfigurationList section */
		B5ED8BBB2FB40D8000474B0A /* Build configuration list for PBXProject "TipSlip" */ = {
			isa = XCConfigurationList;
			buildConfigurations = (
				B5ED8BDF2FB40D8200474B0A /* Debug */,
				B5ED8BE02FB40D8200474B0A /* Release */,
			);
			defaultConfigurationIsVisible = 0;
			defaultConfigurationName = Release;
		};
		B5ED8BE12FB40D8200474B0A /* Build configuration list for PBXNativeTarget "TipSlip" */ = {
			isa = XCConfigurationList;
			buildConfigurations = (
				B5ED8BE22FB40D8200474B0A /* Debug */,
				B5ED8BE32FB40D8200474B0A /* Release */,
			);
			defaultConfigurationIsVisible = 0;
			defaultConfigurationName = Release;
		};
		B5ED8BE42FB40D8200474B0A /* Build configuration list for PBXNativeTarget "TipSlipTests" */ = {
			isa = XCConfigurationList;
			buildConfigurations = (
				B5ED8BE52FB40D8200474B0A /* Debug */,
				B5ED8BE62FB40D8200474B0A /* Release */,
			);
			defaultConfigurationIsVisible = 0;
			defaultConfigurationName = Release;
		};
		B5ED8BE72FB40D8200474B0A /* Build configuration list for PBXNativeTarget "TipSlipUITests" */ = {
			isa = XCConfigurationList;
			buildConfigurations = (
				B5ED8BE82FB40D8200474B0A /* Debug */,
				B5ED8BE92FB40D8200474B0A /* Release */,
			);
			defaultConfigurationIsVisible = 0;
			defaultConfigurationName = Release;
		};
/* End XCConfigurationList section */
	};
	rootObject = B5ED8BB82FB40D8000474B0A /* Project object */;
}
